
Microsoft Visual Studio Solution File, Format Version 12.00
# Visual Studio Version 17
VisualStudioVersion = 17.3.32929.385
MinimumVisualStudioVersion = 10.0.40219.1
Project("{FAE04EC0-301F-11D3-BF4B-00C04F79EFBC}") = "two-dimensional array 5x5", "two-dimensional array 5x5\two-dimensional array 5x5.csproj", "{61052372-0A75-4FF4-8900-DAD4438A53C7}"
EndProject
Global
	GlobalSection(SolutionConfigurationPlatforms) = preSolution
		Debug|Any CPU = Debug|Any CPU
		Release|Any CPU = Release|Any CPU
	EndGlobalSection
	GlobalSection(ProjectConfigurationPlatforms) = postSolution
		{61052372-0A75-4FF4-8900-DAD4438A53C7}.Debug|Any CPU.ActiveCfg = Debug|Any CPU
		{61052372-0A75-4FF4-8900-DAD4438A53C7}.Debug|Any CPU.Build.0 = Debug|Any CPU
		{61052372-0A75-4FF4-8900-DAD4438A53C7}.Release|Any CPU.ActiveCfg = Release|Any CPU
		{61052372-0A75-4FF4-8900-DAD4438A53C7}.Release|Any CPU.Build.0 = Release|Any CPU
	EndGlobalSection
	GlobalSection(SolutionProperties) = preSolution
		HideSolutionNode = FALSE
	EndGlobalSection
	GlobalSection(ExtensibilityGlobals) = postSolution
		SolutionGuid = {A97AB668-60FF-4C1C-A096-BCD295AF8DC4}
	EndGlobalSection
EndGlobal
